
Microsoft Visual Studio Solution File, Format Version 12.00
# Visual Studio 15
VisualStudioVersion = 15.0.28307.1525
MinimumVisualStudioVersion = 10.0.40219.1
Project("{8BC9CEB8-8B4A-11D0-8D11-00A0C91BC942}") = "CatchingBalls", "CatchingBalls\CatchingBalls.vcxproj", "{E2BC12AF-1845-4573-B67B-F5DC1711B109}"
EndProject
Global
	GlobalSection(SolutionConfigurationPlatforms) = preSolution
		Debug|x64 = Debug|x64
		Debug|x86 = Debug|x86
		Release|x64 = Release|x64
		Release|x86 = Release|x86
	EndGlobalSection
	GlobalSection(ProjectConfigurationPlatforms) = postSolution
		{E2BC12AF-1845-4573-B67B-F5DC1711B109}.Debug|x64.ActiveCfg = Debug|x64
		{E2BC12AF-1845-4573-B67B-F5DC1711B109}.Debug|x64.Build.0 = Debug|x64
		{E2BC12AF-1845-4573-B67B-F5DC1711B109}.Debug|x86.ActiveCfg = Debug|Win32
		{E2BC12AF-1845-4573-B67B-F5DC1711B109}.Debug|x86.Build.0 = Debug|Win32
		{E2BC12AF-1845-4573-B67B-F5DC1711B109}.Release|x64.ActiveCfg = Release|x64
		{E2BC12AF-1845-4573-B67B-F5DC1711B109}.Release|x64.Build.0 = Release|x64
		{E2BC12AF-1845-4573-B67B-F5DC1711B109}.Release|x86.ActiveCfg = Release|Win32
		{E2BC12AF-1845-4573-B67B-F5DC1711B109}.Release|x86.Build.0 = Release|Win32
	EndGlobalSection
	GlobalSection(SolutionProperties) = preSolution
		HideSolutionNode = FALSE
	EndGlobalSection
	GlobalSection(ExtensibilityGlobals) = postSolution
		SolutionGuid = {621F4093-B83A-4CC7-85CA-FC724368FA5C}
	EndGlobalSection
EndGlobal
